PODS:
  - ReSwift (2.1.0)
  - ReSwiftRouter (0.4.0):
    - ReSwift (~> 2.1)
  - Then (2.0.0)

DEPENDENCIES:
  - ReSwift
  - ReSwiftRouter
  - Then

SPEC CHECKSUMS:
  ReSwift: c13b76cb963c5ab2a137c9c6e74823cef4b81588
  ReSwiftRouter: de452879035ea88ed51bb0bc3a2b7bd55365ab81
  Then: 460074ffe907de3536d5e88f189dac5ef7cf0869

PODFILE CHECKSUM: d1b5bfa39d5c3f6783bed15466f9c295f67e32eb

COCOAPODS: 1.1.1
