// !$*UTF8*$!
{
	archiveVersion = 1;
	classes = {
	};
	objectVersion = 48;
	objects = {

/* Begin PBXBuildFile section */
		09C0E5CF1DA84EF60019E4AF /* AppDelegate.swift in Sources */ = {isa = PBXBuildFile; fileRef = 09C0E5CE1DA84EF60019E4AF /* AppDelegate.swift */; };
		09C0E5D81DA84EF60019E4AF /* Assets.xcassets in Resources */ = {isa = PBXBuildFile; fileRef = 09C0E5D71DA84EF60019E4AF /* Assets.xcassets */; };
		09C0E5DB1DA84EF60019E4AF /* LaunchScreen.storyboard in Resources */ = {isa = PBXBuildFile; fileRef = 09C0E5D91DA84EF60019E4AF /* LaunchScreen.storyboard */; };
		D96ED2ADC69F1161B36196A9 /* Pods_modular.framework in Frameworks */ = {isa = PBXBuildFile; fileRef = 90DEBABD137198392F18EFA5 /* Pods_modular.framework */; };
/* End PBXBuildFile section */

/* Begin PBXFileReference section */
		09C0E5CB1DA84EF60019E4AF /* modular.app */ = {isa = PBXFileReference; explicitFileType = wrapper.application; includeInIndex = 0; path = modular.app; sourceTree = BUILT_PRODUCTS_DIR; };
		09C0E5CE1DA84EF60019E4AF /* AppDelegate.swift */ = {isa = PBXFileReference; lastKnownFileType = sourcecode.swift; path = AppDelegate.swift; sourceTree = "<group>"; };
		09C0E5D71DA84EF60019E4AF /* Assets.xcassets */ = {isa = PBXFileReference; lastKnownFileType = folder.assetcatalog; path = Assets.xcassets; sourceTree = "<group>"; };
		09C0E5DA1DA84EF60019E4AF /* Base */ = {isa = PBXFileReference; lastKnownFileType = file.storyboard; name = Base; path = Base.lproj/LaunchScreen.storyboard; sourceTree = "<group>"; };
		09C0E5DC1DA84EF60019E4AF /* Info.plist */ = {isa = PBXFileReference; lastKnownFileType = text.plist.xml; path = Info.plist; sourceTree = "<group>"; };
		40C2EC508E75961A8F4D1EDF /* Pods-modular.release.xcconfig */ = {isa = PBXFileReference; includeInIndex = 1; lastKnownFileType = text.xcconfig; name = "Pods-modular.release.xcconfig"; path = "Pods/Target Support Files/Pods-modular/Pods-modular.release.xcconfig"; sourceTree = "<group>"; };
		90DEBABD137198392F18EFA5 /* Pods_modular.framework */ = {isa = PBXFileReference; explicitFileType = wrapper.framework; includeInIndex = 0; path = Pods_modular.framework; sourceTree = BUILT_PRODUCTS_DIR; };
		FB36D5FAB87BDFB52A97E865 /* Pods-modular.debug.xcconfig */ = {isa = PBXFileReference; includeInIndex = 1; lastKnownFileType = text.xcconfig; name = "Pods-modular.debug.xcconfig"; path = "Pods/Target Support Files/Pods-modular/Pods-modular.debug.xcconfig"; sourceTree = "<group>"; };
/* End PBXFileReference section */

/* Begin PBXFrameworksBuildPhase section */
		09C0E5C81DA84EF60019E4AF /* Frameworks */ = {
			isa = PBXFrameworksBuildPhase;
			buildActionMask = 2147483647;
			files = (
				D96ED2ADC69F1161B36196A9 /* Pods_modular.framework in Frameworks */,
			);
			runOnlyForDeploymentPostprocessing = 0;
		};
/* End PBXFrameworksBuildPhase section */

/* Begin PBXGroup section */
		090DCC411DBEDB5B00FA55D9 /* services */ = {
			isa = PBXGroup;
			children = (
			);
			name = services;
			sourceTree = "<group>";
		};
		09C0E5C21DA84EF60019E4AF = {
			isa = PBXGroup;
			children = (
				09C0E5CD1DA84EF60019E4AF /* modular */,
				09C0E5CC1DA84EF60019E4AF /* Products */,
				51D1241762B4FFDD881789C8 /* Pods */,
				827D7B250563B2DC07F76E0E /* Frameworks */,
			);
			sourceTree = "<group>";
		};
		09C0E5CC1DA84EF60019E4AF /* Products */ = {
			isa = PBXGroup;
			children = (
				09C0E5CB1DA84EF60019E4AF /* modular.app */,
			);
			name = Products;
			sourceTree = "<group>";
		};
		09C0E5CD1DA84EF60019E4AF /* modular */ = {
			isa = PBXGroup;
			children = (
				09C0E5E31DA853610019E4AF /* common */,
				09C0E5E41DA853680019E4AF /* components */,
				09C0E5CE1DA84EF60019E4AF /* AppDelegate.swift */,
				09C0E5D71DA84EF60019E4AF /* Assets.xcassets */,
				09C0E5D91DA84EF60019E4AF /* LaunchScreen.storyboard */,
				09C0E5DC1DA84EF60019E4AF /* Info.plist */,
			);
			path = modular;
			sourceTree = "<group>";
		};
		09C0E5E31DA853610019E4AF /* common */ = {
			isa = PBXGroup;
			children = (
				09C0E5EB1DA855360019E4AF /* data */,
				09C0E5EC1DA855490019E4AF /* router */,
				090DCC411DBEDB5B00FA55D9 /* services */,
			);
			name = common;
			sourceTree = "<group>";
		};
		09C0E5E41DA853680019E4AF /* components */ = {
			isa = PBXGroup;
			children = (
				09C0E5E81DA854190019E4AF /* account */,
				09C0E5E71DA8537F0019E4AF /* basket */,
				09C0E5E91DA854E90019E4AF /* landing */,
				09C0E5EA1DA854F10019E4AF /* login */,
				09C0E5E51DA8536F0019E4AF /* main */,
				09C0E5E61DA853750019E4AF /* market */,
			);
			name = components;
			sourceTree = "<group>";
		};
		09C0E5E51DA8536F0019E4AF /* main */ = {
			isa = PBXGroup;
			children = (
			);
			name = main;
			sourceTree = "<group>";
		};
		09C0E5E61DA853750019E4AF /* market */ = {
			isa = PBXGroup;
			children = (
			);
			name = market;
			sourceTree = "<group>";
		};
		09C0E5E71DA8537F0019E4AF /* basket */ = {
			isa = PBXGroup;
			children = (
			);
			name = basket;
			sourceTree = "<group>";
		};
		09C0E5E81DA854190019E4AF /* account */ = {
			isa = PBXGroup;
			children = (
			);
			name = account;
			sourceTree = "<group>";
		};
		09C0E5E91DA854E90019E4AF /* landing */ = {
			isa = PBXGroup;
			children = (
			);
			name = landing;
			sourceTree = "<group>";
		};
		09C0E5EA1DA854F10019E4AF /* login */ = {
			isa = PBXGroup;
			children = (
			);
			name = login;
			sourceTree = "<group>";
		};
		09C0E5EB1DA855360019E4AF /* data */ = {
			isa = PBXGroup;
			children = (
			);
			name = data;
			sourceTree = "<group>";
		};
		09C0E5EC1DA855490019E4AF /* router */ = {
			isa = PBXGroup;
			children = (
			);
			name = router;
			sourceTree = "<group>";
		};
		51D1241762B4FFDD881789C8 /* Pods */ = {
			isa = PBXGroup;
			children = (
				FB36D5FAB87BDFB52A97E865 /* Pods-modular.debug.xcconfig */,
				40C2EC508E75961A8F4D1EDF /* Pods-modular.release.xcconfig */,
			);
			name = Pods;
			sourceTree = "<group>";
		};
		827D7B250563B2DC07F76E0E /* Frameworks */ = {
			isa = PBXGroup;
			children = (
				90DEBABD137198392F18EFA5 /* Pods_modular.framework */,
			);
			name = Frameworks;
			sourceTree = "<group>";
		};
/* End PBXGroup section */

/* Begin PBXNativeTarget section */
		09C0E5CA1DA84EF60019E4AF /* modular */ = {
			isa = PBXNativeTarget;
			buildConfigurationList = 09C0E5DF1DA84EF60019E4AF /* Build configuration list for PBXNativeTarget "modular" */;
			buildPhases = (
				535CBD4C1719EB1915301102 /* [CP] Check Pods Manifest.lock */,
				09C0E5C71DA84EF60019E4AF /* Sources */,
				09C0E5C81DA84EF60019E4AF /* Frameworks */,
				09C0E5C91DA84EF60019E4AF /* Resources */,
				C98FDD517160B7BEF0C04F3F /* [CP] Embed Pods Frameworks */,
				A3B1C3250A8A403D09ECA96E /* [CP] Copy Pods Resources */,
			);
			buildRules = (
			);
			dependencies = (
			);
			name = modular;
			productName = modular;
			productReference = 09C0E5CB1DA84EF60019E4AF /* modular.app */;
			productType = "com.apple.product-type.application";
		};
/* End PBXNativeTarget section */

/* Begin PBXProject section */
		09C0E5C31DA84EF60019E4AF /* Project object */ = {
			isa = PBXProject;
			attributes = {
				LastSwiftUpdateCheck = 0800;
				LastUpgradeCheck = 0800;
				ORGANIZATIONNAME = "Arlo Armstrong";
				TargetAttributes = {
					09C0E5CA1DA84EF60019E4AF = {
						CreatedOnToolsVersion = 8.0;
						ProvisioningStyle = Automatic;
					};
				};
			};
			buildConfigurationList = 09C0E5C61DA84EF60019E4AF /* Build configuration list for PBXProject "modular" */;
			compatibilityVersion = "Xcode 8.0";
			developmentRegion = English;
			hasScannedForEncodings = 0;
			knownRegions = (
				en,
				Base,
			);
			mainGroup = 09C0E5C21DA84EF60019E4AF;
			productRefGroup = 09C0E5CC1DA84EF60019E4AF /* Products */;
			projectDirPath = "";
			projectRoot = "";
			targets = (
				09C0E5CA1DA84EF60019E4AF /* modular */,
			);
		};
/* End PBXProject section */

/* Begin PBXResourcesBuildPhase section */
		09C0E5C91DA84EF60019E4AF /* Resources */ = {
			isa = PBXResourcesBuildPhase;
			buildActionMask = 2147483647;
			files = (
				09C0E5DB1DA84EF60019E4AF /* LaunchScreen.storyboard in Resources */,
				09C0E5D81DA84EF60019E4AF /* Assets.xcassets in Resources */,
			);
			runOnlyForDeploymentPostprocessing = 0;
		};
/* End PBXResourcesBuildPhase section */

/* Begin PBXShellScriptBuildPhase section */
		535CBD4C1719EB1915301102 /* [CP] Check Pods Manifest.lock */ = {
			isa = PBXShellScriptBuildPhase;
			buildActionMask = 2147483647;
			files = (
			);
			inputPaths = (
			);
			name = "[CP] Check Pods Manifest.lock";
			outputPaths = (
			);
			runOnlyForDeploymentPostprocessing = 0;
			shellPath = /bin/sh;
			shellScript = "diff \"${PODS_ROOT}/../Podfile.lock\" \"${PODS_ROOT}/Manifest.lock\" > /dev/null\nif [[ $? != 0 ]] ; then\n    cat << EOM\nerror: The sandbox is not in sync with the Podfile.lock. Run 'pod install' or update your CocoaPods installation.\nEOM\n    exit 1\nfi\n";
			showEnvVarsInLog = 0;
		};
		A3B1C3250A8A403D09ECA96E /* [CP] Copy Pods Resources */ = {
			isa = PBXShellScriptBuildPhase;
			buildActionMask = 2147483647;
			files = (
			);
			inputPaths = (
			);
			name = "[CP] Copy Pods Resources";
			outputPaths = (
			);
			runOnlyForDeploymentPostprocessing = 0;
			shellPath = /bin/sh;
			shellScript = "\"${SRCROOT}/Pods/Target Support Files/Pods-modular/Pods-modular-resources.sh\"\n";
			showEnvVarsInLog = 0;
		};
		C98FDD517160B7BEF0C04F3F /* [CP] Embed Pods Frameworks */ = {
			isa = PBXShellScriptBuildPhase;
			buildActionMask = 2147483647;
			files = (
			);
			inputPaths = (
			);
			name = "[CP] Embed Pods Frameworks";
			outputPaths = (
			);
			runOnlyForDeploymentPostprocessing = 0;
			shellPath = /bin/sh;
			shellScript = "\"${SRCROOT}/Pods/Target Support Files/Pods-modular/Pods-modular-frameworks.sh\"\n";
			showEnvVarsInLog = 0;
		};
/* End PBXShellScriptBuildPhase section */

/* Begin PBXSourcesBuildPhase section */
		09C0E5C71DA84EF60019E4AF /* Sources */ = {
			isa = PBXSourcesBuildPhase;
			buildActionMask = 2147483647;
			files = (
				09C0E5CF1DA84EF60019E4AF /* AppDelegate.swift in Sources */,
			);
			runOnlyForDeploymentPostprocessing = 0;
		};
/* End PBXSourcesBuildPhase section */

/* Begin PBXVariantGroup section */
		09C0E5D91DA84EF60019E4AF /* LaunchScreen.storyboard */ = {
			isa = PBXVariantGroup;
			children = (
				09C0E5DA1DA84EF60019E4AF /* Base */,
			);
			name = LaunchScreen.storyboard;
			sourceTree = "<group>";
		};
/* End PBXVariantGroup section */

/* Begin XCBuildConfiguration section */
		09C0E5DD1DA84EF60019E4AF /* Debug */ = {
			isa = XCBuildConfiguration;
			buildSettings = {
				ALWAYS_SEARCH_USER_PATHS = NO;
				CLANG_ANALYZER_NONNULL = YES;
				CLANG_CXX_LANGUAGE_STANDARD = "gnu++0x";
				CLANG_CXX_LIBRARY = "libc++";
				CLANG_ENABLE_MODULES = YES;
				CLANG_ENABLE_OBJC_ARC = YES;
				CLANG_WARN_BOOL_CONVERSION = YES;
				CLANG_WARN_CONSTANT_CONVERSION = YES;
				CLANG_WARN_DIRECT_OBJC_ISA_USAGE = YES_ERROR;
				CLANG_WARN_DOCUMENTATION_COMMENTS = YES;
				CLANG_WARN_EMPTY_BODY = YES;
				CLANG_WARN_ENUM_CONVERSION = YES;
				CLANG_WARN_INFINITE_RECURSION = YES;
				CLANG_WARN_INT_CONVERSION = YES;
				CLANG_WARN_OBJC_ROOT_CLASS = YES_ERROR;
				CLANG_WARN_SUSPICIOUS_MOVES = YES;
				CLANG_WARN_UNREACHABLE_CODE = YES;
				CLANG_WARN__DUPLICATE_METHOD_MATCH = YES;
				"CODE_SIGN_IDENTITY[sdk=iphoneos*]" = "iPhone Developer";
				COPY_PHASE_STRIP = NO;
				DEBUG_INFORMATION_FORMAT = dwarf;
				ENABLE_STRICT_OBJC_MSGSEND = YES;
				ENABLE_TESTABILITY = YES;
				GCC_C_LANGUAGE_STANDARD = gnu99;
				GCC_DYNAMIC_NO_PIC = NO;
				GCC_NO_COMMON_BLOCKS = YES;
				GCC_OPTIMIZATION_LEVEL = 0;
				GCC_PREPROCESSOR_DEFINITIONS = (
					"DEBUG=1",
					"$(inherited)",
				);
				GCC_WARN_64_TO_32_BIT_CONVERSION = YES;
				GCC_WARN_ABOUT_RETURN_TYPE = YES_ERROR;
				GCC_WARN_UNDECLARED_SELECTOR = YES;
				GCC_WARN_UNINITIALIZED_AUTOS = YES_AGGRESSIVE;
				GCC_WARN_UNUSED_FUNCTION = YES;
				GCC_WARN_UNUSED_VARIABLE = YES;
				IPHONEOS_DEPLOYMENT_TARGET = 10.0;
				MTL_ENABLE_DEBUG_INFO = YES;
				ONLY_ACTIVE_ARCH = YES;
				SDKROOT = iphoneos;
				SWIFT_ACTIVE_COMPILATION_CONDITIONS = DEBUG;
				SWIFT_OPTIMIZATION_LEVEL = "-Onone";
				TARGETED_DEVICE_FAMILY = "1,2";
			};
			name = Debug;
		};
		09C0E5DE1DA84EF60019E4AF /* Release */ = {
			isa = XCBuildConfiguration;
			buildSettings = {
				ALWAYS_SEARCH_USER_PATHS = NO;
				CLANG_ANALYZER_NONNULL = YES;
				CLANG_CXX_LANGUAGE_STANDARD = "gnu++0x";
				CLANG_CXX_LIBRARY = "libc++";
				CLANG_ENABLE_MODULES = YES;
				CLANG_ENABLE_OBJC_ARC = YES;
				CLANG_WARN_BOOL_CONVERSION = YES;
				CLANG_WARN_CONSTANT_CONVERSION = YES;
				CLANG_WARN_DIRECT_OBJC_ISA_USAGE = YES_ERROR;
				CLANG_WARN_DOCUMENTATION_COMMENTS = YES;
				CLANG_WARN_EMPTY_BODY = YES;
				CLANG_WARN_ENUM_CONVERSION = YES;
				CLANG_WARN_INFINITE_RECURSION = YES;
				CLANG_WARN_INT_CONVERSION = YES;
				CLANG_WARN_OBJC_ROOT_CLASS = YES_ERROR;
				CLANG_WARN_SUSPICIOUS_MOVES = YES;
				CLANG_WARN_UNREACHABLE_CODE = YES;
				CLANG_WARN__DUPLICATE_METHOD_MATCH = YES;
				"CODE_SIGN_IDENTITY[sdk=iphoneos*]" = "iPhone Developer";
				COPY_PHASE_STRIP = NO;
				DEBUG_INFORMATION_FORMAT = "dwarf-with-dsym";
				ENABLE_NS_ASSERTIONS = NO;
				ENABLE_STRICT_OBJC_MSGSEND = YES;
				GCC_C_LANGUAGE_STANDARD = gnu99;
				GCC_NO_COMMON_BLOCKS = YES;
				GCC_WARN_64_TO_32_BIT_CONVERSION = YES;
				GCC_WARN_ABOUT_RETURN_TYPE = YES_ERROR;
				GCC_WARN_UNDECLARED_SELECTOR = YES;
				GCC_WARN_UNINITIALIZED_AUTOS = YES_AGGRESSIVE;
				GCC_WARN_UNUSED_FUNCTION = YES;
				GCC_WARN_UNUSED_VARIABLE = YES;
				IPHONEOS_DEPLOYMENT_TARGET = 10.0;
				MTL_ENABLE_DEBUG_INFO = NO;
				SDKROOT = iphoneos;
				SWIFT_OPTIMIZATION_LEVEL = "-Owholemodule";
				TARGETED_DEVICE_FAMILY = "1,2";
				VALIDATE_PRODUCT = YES;
			};
			name = Release;
		};
		09C0E5E01DA84EF60019E4AF /* Debug */ = {
			isa = XCBuildConfiguration;
			baseConfigurationReference = FB36D5FAB87BDFB52A97E865 /* Pods-modular.debug.xcconfig */;
			buildSettings = {
				ASSETCATALOG_COMPILER_APPICON_NAME = AppIcon;
				INFOPLIST_FILE = modular/Info.plist;
				LD_RUNPATH_SEARCH_PATHS = "$(inherited) @executable_path/Frameworks";
				PRODUCT_BUNDLE_IDENTIFIER = com.goodeggs.modular;
				PRODUCT_NAME = "$(TARGET_NAME)";
				SWIFT_VERSION = 3.0;
			};
			name = Debug;
		};
		09C0E5E11DA84EF60019E4AF /* Release */ = {
			isa = XCBuildConfiguration;
			baseConfigurationReference = 40C2EC508E75961A8F4D1EDF /* Pods-modular.release.xcconfig */;
			buildSettings = {
				ASSETCATALOG_COMPILER_APPICON_NAME = AppIcon;
				INFOPLIST_FILE = modular/Info.plist;
				LD_RUNPATH_SEARCH_PATHS = "$(inherited) @executable_path/Frameworks";
				PRODUCT_BUNDLE_IDENTIFIER = com.goodeggs.modular;
				PRODUCT_NAME = "$(TARGET_NAME)";
				SWIFT_VERSION = 3.0;
			};
			name = Release;
		};
/* End XCBuildConfiguration section */

/* Begin XCConfigurationList section */
		09C0E5C61DA84EF60019E4AF /* Build configuration list for PBXProject "modular" */ = {
			isa = XCConfigurationList;
			buildConfigurations = (
				09C0E5DD1DA84EF60019E4AF /* Debug */,
				09C0E5DE1DA84EF60019E4AF /* Release */,
			);
			defaultConfigurationIsVisible = 0;
			defaultConfigurationName = Release;
		};
		09C0E5DF1DA84EF60019E4AF /* Build configuration list for PBXNativeTarget "modular" */ = {
			isa = XCConfigurationList;
			buildConfigurations = (
				09C0E5E01DA84EF60019E4AF /* Debug */,
				09C0E5E11DA84EF60019E4AF /* Release */,
			);
			defaultConfigurationIsVisible = 0;
			defaultConfigurationName = Release;
		};
/* End XCConfigurationList section */
	};
	rootObject = 09C0E5C31DA84EF60019E4AF /* Project object */;
}
